
Microsoft Visual Studio Solution File, Format Version 12.00
# Visual Studio Version 16
VisualStudioVersion = 16.0.29230.47
MinimumVisualStudioVersion = 10.0.40219.1
Project("{FAE04EC0-301F-11D3-BF4B-00C04F79EFBC}") = "Task1", "Task1\Task1.csproj", "{6667071A-1035-425A-A98E-EDC37662D746}"
EndProject
Global
	GlobalSection(SolutionConfigurationPlatforms) = preSolution
		Debug|Any CPU = Debug|Any CPU
		Release|Any CPU = Release|Any CPU
	EndGlobalSection
	GlobalSection(ProjectConfigurationPlatforms) = postSolution
		{6667071A-1035-425A-A98E-EDC37662D746}.Debug|Any CPU.ActiveCfg = Debug|Any CPU
		{6667071A-1035-425A-A98E-EDC37662D746}.Debug|Any CPU.Build.0 = Debug|Any CPU
		{6667071A-1035-425A-A98E-EDC37662D746}.Release|Any CPU.ActiveCfg = Release|Any CPU
		{6667071A-1035-425A-A98E-EDC37662D746}.Release|Any CPU.Build.0 = Release|Any CPU
	EndGlobalSection
	GlobalSection(SolutionProperties) = preSolution
		HideSolutionNode = FALSE
	EndGlobalSection
	GlobalSection(ExtensibilityGlobals) = postSolution
		SolutionGuid = {0D86F723-CBE7-4E6B-A967-6D3F3403A9F5}
	EndGlobalSection
EndGlobal
